
Microsoft Visual Studio Solution File, Format Version 12.00
# Visual Studio Version 16
VisualStudioVersion = 16.0.29709.97
MinimumVisualStudioVersion = 10.0.40219.1
Project("{9A19103F-16F7-4668-BE54-9A1E7A4F7556}") = "WebProject", "WebProject\WebProject.csproj", "{CADF6B99-828F-48FE-BF03-84EBF86EA03B}"
EndProject
Global
	GlobalSection(SolutionConfigurationPlatforms) = preSolution
		Debug|Any CPU = Debug|Any CPU
		Release|Any CPU = Release|Any CPU
	EndGlobalSection
	GlobalSection(ProjectConfigurationPlatforms) = postSolution
		{CADF6B99-828F-48FE-BF03-84EBF86EA03B}.Debug|Any CPU.ActiveCfg = Debug|Any CPU
		{CADF6B99-828F-48FE-BF03-84EBF86EA03B}.Debug|Any CPU.Build.0 = Debug|Any CPU
		{CADF6B99-828F-48FE-BF03-84EBF86EA03B}.Release|Any CPU.ActiveCfg = Release|Any CPU
		{CADF6B99-828F-48FE-BF03-84EBF86EA03B}.Release|Any CPU.Build.0 = Release|Any CPU
	EndGlobalSection
	GlobalSection(SolutionProperties) = preSolution
		HideSolutionNode = FALSE
	EndGlobalSection
	GlobalSection(ExtensibilityGlobals) = postSolution
		SolutionGuid = {83611B9B-1809-4D59-AC20-C9F3114A200F}
	EndGlobalSection
EndGlobal
